
Microsoft Visual Studio Solution File, Format Version 12.00
# Visual Studio Version 16
VisualStudioVersion = 16.0.29324.140
MinimumVisualStudioVersion = 10.0.40219.1
Project("{9A19103F-16F7-4668-BE54-9A1E7A4F7556}") = "Demo.JavaScript.Web", "Demo.JavaScript.Web\Demo.JavaScript.Web.csproj", "{FFF1BCF9-C425-4CFF-ADEA-B675F214877C}"
EndProject
Global
	GlobalSection(SolutionConfigurationPlatforms) = preSolution
		Debug|Any CPU = Debug|Any CPU
		Release|Any CPU = Release|Any CPU
	EndGlobalSection
	GlobalSection(ProjectConfigurationPlatforms) = postSolution
		{FFF1BCF9-C425-4CFF-ADEA-B675F214877C}.Debug|Any CPU.ActiveCfg = Debug|Any CPU
		{FFF1BCF9-C425-4CFF-ADEA-B675F214877C}.Debug|Any CPU.Build.0 = Debug|Any CPU
		{FFF1BCF9-C425-4CFF-ADEA-B675F214877C}.Release|Any CPU.ActiveCfg = Release|Any CPU
		{FFF1BCF9-C425-4CFF-ADEA-B675F214877C}.Release|Any CPU.Build.0 = Release|Any CPU
	EndGlobalSection
	GlobalSection(SolutionProperties) = preSolution
		HideSolutionNode = FALSE
	EndGlobalSection
	GlobalSection(ExtensibilityGlobals) = postSolution
		SolutionGuid = {26C69717-B574-47C1-AA18-58DA400C4ECF}
	EndGlobalSection
EndGlobal
